
Microsoft Visual Studio Solution File, Format Version 12.00
# Visual Studio Version 17
VisualStudioVersion = 17.3.32922.545
MinimumVisualStudioVersion = 10.0.40219.1
Project("{FAE04EC0-301F-11D3-BF4B-00C04F79EFBC}") = "Automatic Fan Controller", "Automatic Fan Controller\Automatic Fan Controller.csproj", "{7F3E8AAD-81C3-41A5-B8C0-7FEC5DAB82EC}"
EndProject
Global
	GlobalSection(SolutionConfigurationPlatforms) = preSolution
		Debug|Any CPU = Debug|Any CPU
		Release|Any CPU = Release|Any CPU
	EndGlobalSection
	GlobalSection(ProjectConfigurationPlatforms) = postSolution
		{7F3E8AAD-81C3-41A5-B8C0-7FEC5DAB82EC}.Debug|Any CPU.ActiveCfg = Debug|Any CPU
		{7F3E8AAD-81C3-41A5-B8C0-7FEC5DAB82EC}.Debug|Any CPU.Build.0 = Debug|Any CPU
		{7F3E8AAD-81C3-41A5-B8C0-7FEC5DAB82EC}.Release|Any CPU.ActiveCfg = Release|Any CPU
		{7F3E8AAD-81C3-41A5-B8C0-7FEC5DAB82EC}.Release|Any CPU.Build.0 = Release|Any CPU
	EndGlobalSection
	GlobalSection(SolutionProperties) = preSolution
		HideSolutionNode = FALSE
	EndGlobalSection
	GlobalSection(ExtensibilityGlobals) = postSolution
		SolutionGuid = {1507AA89-EC90-4A79-B726-E7C989074CBA}
	EndGlobalSection
EndGlobal
